
Microsoft Visual Studio Solution File, Format Version 12.00
# Visual Studio Version 16
VisualStudioVersion = 16.0.31515.178
MinimumVisualStudioVersion = 10.0.40219.1
Project("{FAE04EC0-301F-11D3-BF4B-00C04F79EFBC}") = "appApiRest", "appApiRest\appApiRest.csproj", "{2FD766D6-ADF1-49BD-9DAD-2084A6DEB220}"
EndProject
Project("{FAE04EC0-301F-11D3-BF4B-00C04F79EFBC}") = "appApiRest.Model", "appApiRest.Model\appApiRest.Model.csproj", "{EF0AC8A5-B3E3-4D58-9B1D-6900F8E60762}"
EndProject
Project("{FAE04EC0-301F-11D3-BF4B-00C04F79EFBC}") = "appApiRest.DAL", "appApiRest.DAL\appApiRest.DAL.csproj", "{40C2F8DA-A7FE-4DFA-B61A-C839BD8AB58E}"
EndProject
Project("{FAE04EC0-301F-11D3-BF4B-00C04F79EFBC}") = "appApiRest.BLL", "appApiRest.BLL\appApiRest.BLL.csproj", "{FE3578C1-6D03-4049-ADA8-75309DF206C9}"
EndProject
Project("{FAE04EC0-301F-11D3-BF4B-00C04F79EFBC}") = "appApiRest.DatabaseContext", "appApiRest.DatabaseContext\appApiRest.DatabaseContext.csproj", "{FB58E0A4-0352-4EC0-83B9-7A4DF1810E69}"
EndProject
Global
	GlobalSection(SolutionConfigurationPlatforms) = preSolution
		Debug|Any CPU = Debug|Any CPU
		Release|Any CPU = Release|Any CPU
	EndGlobalSection
	GlobalSection(ProjectConfigurationPlatforms) = postSolution
		{2FD766D6-ADF1-49BD-9DAD-2084A6DEB220}.Debug|Any CPU.ActiveCfg = Debug|Any CPU
		{2FD766D6-ADF1-49BD-9DAD-2084A6DEB220}.Debug|Any CPU.Build.0 = Debug|Any CPU
		{2FD766D6-ADF1-49BD-9DAD-2084A6DEB220}.Release|Any CPU.ActiveCfg = Release|Any CPU
		{2FD766D6-ADF1-49BD-9DAD-2084A6DEB220}.Release|Any CPU.Build.0 = Release|Any CPU
		{EF0AC8A5-B3E3-4D58-9B1D-6900F8E60762}.Debug|Any CPU.ActiveCfg = Debug|Any CPU
		{EF0AC8A5-B3E3-4D58-9B1D-6900F8E60762}.Debug|Any CPU.Build.0 = Debug|Any CPU
		{EF0AC8A5-B3E3-4D58-9B1D-6900F8E60762}.Release|Any CPU.ActiveCfg = Release|Any CPU
		{EF0AC8A5-B3E3-4D58-9B1D-6900F8E60762}.Release|Any CPU.Build.0 = Release|Any CPU
		{40C2F8DA-A7FE-4DFA-B61A-C839BD8AB58E}.Debug|Any CPU.ActiveCfg = Debug|Any CPU
		{40C2F8DA-A7FE-4DFA-B61A-C839BD8AB58E}.Debug|Any CPU.Build.0 = Debug|Any CPU
		{40C2F8DA-A7FE-4DFA-B61A-C839BD8AB58E}.Release|Any CPU.ActiveCfg = Release|Any CPU
		{40C2F8DA-A7FE-4DFA-B61A-C839BD8AB58E}.Release|Any CPU.Build.0 = Release|Any CPU
		{FE3578C1-6D03-4049-ADA8-75309DF206C9}.Debug|Any CPU.ActiveCfg = Debug|Any CPU
		{FE3578C1-6D03-4049-ADA8-75309DF206C9}.Debug|Any CPU.Build.0 = Debug|Any CPU
		{FE3578C1-6D03-4049-ADA8-75309DF206C9}.Release|Any CPU.ActiveCfg = Release|Any CPU
		{FE3578C1-6D03-4049-ADA8-75309DF206C9}.Release|Any CPU.Build.0 = Release|Any CPU
		{FB58E0A4-0352-4EC0-83B9-7A4DF1810E69}.Debug|Any CPU.ActiveCfg = Debug|Any CPU
		{FB58E0A4-0352-4EC0-83B9-7A4DF1810E69}.Debug|Any CPU.Build.0 = Debug|Any CPU
		{FB58E0A4-0352-4EC0-83B9-7A4DF1810E69}.Release|Any CPU.ActiveCfg = Release|Any CPU
		{FB58E0A4-0352-4EC0-83B9-7A4DF1810E69}.Release|Any CPU.Build.0 = Release|Any CPU
	EndGlobalSection
	GlobalSection(SolutionProperties) = preSolution
		HideSolutionNode = FALSE
	EndGlobalSection
	GlobalSection(ExtensibilityGlobals) = postSolution
		SolutionGuid = {49210179-32D9-4BE9-8E0C-8BF0414C4913}
	EndGlobalSection
EndGlobal
